
Microsoft Visual Studio Solution File, Format Version 11.00
# Visual Studio 2010
# SharpDevelop 4.4
Project("{FAE04EC0-301F-11D3-BF4B-00C04F79EFBC}") = "asp_net", "asp_net\asp_net.csproj", "{6AA9E459-358D-4ACC-9AE2-C5FA25D091C8}"
EndProject
Global
	GlobalSection(SolutionConfigurationPlatforms) = preSolution
		Debug|Any CPU = Debug|Any CPU
		Release|Any CPU = Release|Any CPU
	EndGlobalSection
	GlobalSection(ProjectConfigurationPlatforms) = postSolution
		{6AA9E459-358D-4ACC-9AE2-C5FA25D091C8}.Debug|Any CPU.Build.0 = Debug|Any CPU
		{6AA9E459-358D-4ACC-9AE2-C5FA25D091C8}.Debug|Any CPU.ActiveCfg = Debug|Any CPU
		{6AA9E459-358D-4ACC-9AE2-C5FA25D091C8}.Release|Any CPU.Build.0 = Release|Any CPU
		{6AA9E459-358D-4ACC-9AE2-C5FA25D091C8}.Release|Any CPU.ActiveCfg = Release|Any CPU
	EndGlobalSection
EndGlobal
